// !$*UTF8*$!
{
	archiveVersion = 1;
	classes = {
	};
	objectVersion = 56;
	objects = {

/* Begin PBXBuildFile section */
		DDE5103A2A094062004DB08B /* AppDelegate.swift in Sources */ = {isa = PBXBuildFile; fileRef = DDE510392A094062004DB08B /* AppDelegate.swift */; };
		DDE5103C2A094062004DB08B /* SceneDelegate.swift in Sources */ = {isa = PBXBuildFile; fileRef = DDE5103B2A094062004DB08B /* SceneDelegate.swift */; };
		DDE5103E2A094062004DB08B /* ViewController.swift in Sources */ = {isa = PBXBuildFile; fileRef = DDE5103D2A094062004DB08B /* ViewController.swift */; };
		DDE510412A094062004DB08B /* Main.storyboard in Resources */ = {isa = PBXBuildFile; fileRef = DDE5103F2A094062004DB08B /* Main.storyboard */; };
		DDE510432A094066004DB08B /* Assets.xcassets in Resources */ = {isa = PBXBuildFile; fileRef = DDE510422A094066004DB08B /* Assets.xcassets */; };
		DDE510462A094066004DB08B /* LaunchScreen.storyboard in Resources */ = {isa = PBXBuildFile; fileRef = DDE510442A094066004DB08B /* LaunchScreen.storyboard */; };
		DDE510512A094066004DB08B /* TaskSmartDuTests.swift in Sources */ = {isa = PBXBuildFile; fileRef = DDE510502A094066004DB08B /* TaskSmartDuTests.swift */; };
		DDE5105B2A094066004DB08B /* TaskSmartDuUITests.swift in Sources */ = {isa = PBXBuildFile; fileRef = DDE5105A2A094066004DB08B /* TaskSmartDuUITests.swift */; };
		DDE5105D2A094066004DB08B /* TaskSmartDuUITestsLaunchTests.swift in Sources */ = {isa = PBXBuildFile; fileRef = DDE5105C2A094066004DB08B /* TaskSmartDuUITestsLaunchTests.swift */; };
		DDE5106B2A0940A5004DB08B /* APIService.swift in Sources */ = {isa = PBXBuildFile; fileRef = DDE5106A2A0940A5004DB08B /* APIService.swift */; };
		DDE5106E2A0943B8004DB08B /* NYTimesData.swift in Sources */ = {isa = PBXBuildFile; fileRef = DDE5106D2A0943B8004DB08B /* NYTimesData.swift */; };
		DDE510702A094537004DB08B /* APIKeys.swift in Sources */ = {isa = PBXBuildFile; fileRef = DDE5106F2A094537004DB08B /* APIKeys.swift */; };
		DDE510732A094837004DB08B /* NYViewModel.swift in Sources */ = {isa = PBXBuildFile; fileRef = DDE510722A094837004DB08B /* NYViewModel.swift */; };
		DDE510772A094E55004DB08B /* NYNewsCell.swift in Sources */ = {isa = PBXBuildFile; fileRef = DDE510752A094E55004DB08B /* NYNewsCell.swift */; };
		DDE510782A094E55004DB08B /* NYNewsCell.xib in Resources */ = {isa = PBXBuildFile; fileRef = DDE510762A094E55004DB08B /* NYNewsCell.xib */; };
		DDE5107B2A095F83004DB08B /* SDWebImage in Frameworks */ = {isa = PBXBuildFile; productRef = DDE5107A2A095F83004DB08B /* SDWebImage */; };
		DDE5107E2A096550004DB08B /* NewsDetailViewController.swift in Sources */ = {isa = PBXBuildFile; fileRef = DDE5107D2A096550004DB08B /* NewsDetailViewController.swift */; };
		DDE510812A0984E7004DB08B /* Reachability.swift in Sources */ = {isa = PBXBuildFile; fileRef = DDE510802A0984E7004DB08B /* Reachability.swift */; };
		DDE510832A0986A0004DB08B /* ViewController+extensions.swift in Sources */ = {isa = PBXBuildFile; fileRef = DDE510822A0986A0004DB08B /* ViewController+extensions.swift */; };
/* End PBXBuildFile section */

/* Begin PBXContainerItemProxy section */
		DDE5104D2A094066004DB08B /* PBXContainerItemProxy */ = {
			isa = PBXContainerItemProxy;
			containerPortal = DDE5102E2A094062004DB08B /* Project object */;
			proxyType = 1;
			remoteGlobalIDString = DDE510352A094062004DB08B;
			remoteInfo = TaskSmartDu;
		};
		DDE510572A094066004DB08B /* PBXContainerItemProxy */ = {
			isa = PBXContainerItemProxy;
			containerPortal = DDE5102E2A094062004DB08B /* Project object */;
			proxyType = 1;
			remoteGlobalIDString = DDE510352A094062004DB08B;
			remoteInfo = TaskSmartDu;
		};
/* End PBXContainerItemProxy section */

/* Begin PBXFileReference section */
		DDE510362A094062004DB08B /* TaskSmartDu.app */ = {isa = PBXFileReference; explicitFileType = wrapper.application; includeInIndex = 0; path = TaskSmartDu.app; sourceTree = BUILT_PRODUCTS_DIR; };
		DDE510392A094062004DB08B /* AppDelegate.swift */ = {isa = PBXFileReference; lastKnownFileType = sourcecode.swift; path = AppDelegate.swift; sourceTree = "<group>"; };
		DDE5103B2A094062004DB08B /* SceneDelegate.swift */ = {isa = PBXFileReference; lastKnownFileType = sourcecode.swift; path = SceneDelegate.swift; sourceTree = "<group>"; };
		DDE5103D2A094062004DB08B /* ViewController.swift */ = {isa = PBXFileReference; lastKnownFileType = sourcecode.swift; path = ViewController.swift; sourceTree = "<group>"; };
		DDE510402A094062004DB08B /* Base */ = {isa = PBXFileReference; lastKnownFileType = file.storyboard; name = Base; path = Base.lproj/Main.storyboard; sourceTree = "<group>"; };
		DDE510422A094066004DB08B /* Assets.xcassets */ = {isa = PBXFileReference; lastKnownFileType = folder.assetcatalog; path = Assets.xcassets; sourceTree = "<group>"; };
		DDE510452A094066004DB08B /* Base */ = {isa = PBXFileReference; lastKnownFileType = file.storyboard; name = Base; path = Base.lproj/LaunchScreen.storyboard; sourceTree = "<group>"; };
		DDE510472A094066004DB08B /* Info.plist */ = {isa = PBXFileReference; lastKnownFileType = text.plist.xml; path = Info.plist; sourceTree = "<group>"; };
		DDE5104C2A094066004DB08B /* TaskSmartDuTests.xctest */ = {isa = PBXFileReference; explicitFileType = wrapper.cfbundle; includeInIndex = 0; path = TaskSmartDuTests.xctest; sourceTree = BUILT_PRODUCTS_DIR; };
		DDE510502A094066004DB08B /* TaskSmartDuTests.swift */ = {isa = PBXFileReference; lastKnownFileType = sourcecode.swift; path = TaskSmartDuTests.swift; sourceTree = "<group>"; };
		DDE510562A094066004DB08B /* TaskSmartDuUITests.xctest */ = {isa = PBXFileReference; explicitFileType = wrapper.cfbundle; includeInIndex = 0; path = TaskSmartDuUITests.xctest; sourceTree = BUILT_PRODUCTS_DIR; };
		DDE5105A2A094066004DB08B /* TaskSmartDuUITests.swift */ = {isa = PBXFileReference; lastKnownFileType = sourcecode.swift; path = TaskSmartDuUITests.swift; sourceTree = "<group>"; };
		DDE5105C2A094066004DB08B /* TaskSmartDuUITestsLaunchTests.swift */ = {isa = PBXFileReference; lastKnownFileType = sourcecode.swift; path = TaskSmartDuUITestsLaunchTests.swift; sourceTree = "<group>"; };
		DDE5106A2A0940A5004DB08B /* APIService.swift */ = {isa = PBXFileReference; lastKnownFileType = sourcecode.swift; path = APIService.swift; sourceTree = "<group>"; };
		DDE5106D2A0943B8004DB08B /* NYTimesData.swift */ = {isa = PBXFileReference; lastKnownFileType = sourcecode.swift; path = NYTimesData.swift; sourceTree = "<group>"; };
		DDE5106F2A094537004DB08B /* APIKeys.swift */ = {isa = PBXFileReference; lastKnownFileType = sourcecode.swift; path = APIKeys.swift; sourceTree = "<group>"; };
		DDE510722A094837004DB08B /* NYViewModel.swift */ = {isa = PBXFileReference; lastKnownFileType = sourcecode.swift; path = NYViewModel.swift; sourceTree = "<group>"; };
		DDE510752A094E55004DB08B /* NYNewsCell.swift */ = {isa = PBXFileReference; lastKnownFileType = sourcecode.swift; path = NYNewsCell.swift; sourceTree = "<group>"; };
		DDE510762A094E55004DB08B /* NYNewsCell.xib */ = {isa = PBXFileReference; lastKnownFileType = file.xib; path = NYNewsCell.xib; sourceTree = "<group>"; };
		DDE5107D2A096550004DB08B /* NewsDetailViewController.swift */ = {isa = PBXFileReference; lastKnownFileType = sourcecode.swift; path = NewsDetailViewController.swift; sourceTree = "<group>"; };
		DDE510802A0984E7004DB08B /* Reachability.swift */ = {isa = PBXFileReference; lastKnownFileType = sourcecode.swift; path = Reachability.swift; sourceTree = "<group>"; };
		DDE510822A0986A0004DB08B /* ViewController+extensions.swift */ = {isa = PBXFileReference; lastKnownFileType = sourcecode.swift; path = "ViewController+extensions.swift"; sourceTree = "<group>"; };
/* End PBXFileReference section */

/* Begin PBXFrameworksBuildPhase section */
		DDE510332A094062004DB08B /* Frameworks */ = {
			isa = PBXFrameworksBuildPhase;
			buildActionMask = 2147483647;
			files = (
				DDE5107B2A095F83004DB08B /* SDWebImage in Frameworks */,
			);
			runOnlyForDeploymentPostprocessing = 0;
		};
		DDE510492A094066004DB08B /* Frameworks */ = {
			isa = PBXFrameworksBuildPhase;
			buildActionMask = 2147483647;
			files = (
			);
			runOnlyForDeploymentPostprocessing = 0;
		};
		DDE510532A094066004DB08B /* Frameworks */ = {
			isa = PBXFrameworksBuildPhase;
			buildActionMask = 2147483647;
			files = (
			);
			runOnlyForDeploymentPostprocessing = 0;
		};
/* End PBXFrameworksBuildPhase section */

/* Begin PBXGroup section */
		DDE5102D2A094062004DB08B = {
			isa = PBXGroup;
			children = (
				DDE510382A094062004DB08B /* TaskSmartDu */,
				DDE5104F2A094066004DB08B /* TaskSmartDuTests */,
				DDE510592A094066004DB08B /* TaskSmartDuUITests */,
				DDE510372A094062004DB08B /* Products */,
			);
			sourceTree = "<group>";
		};
		DDE510372A094062004DB08B /* Products */ = {
			isa = PBXGroup;
			children = (
				DDE510362A094062004DB08B /* TaskSmartDu.app */,
				DDE5104C2A094066004DB08B /* TaskSmartDuTests.xctest */,
				DDE510562A094066004DB08B /* TaskSmartDuUITests.xctest */,
			);
			name = Products;
			sourceTree = "<group>";
		};
		DDE510382A094062004DB08B /* TaskSmartDu */ = {
			isa = PBXGroup;
			children = (
				DDE510742A094E33004DB08B /* Cell */,
				DDE510712A094828004DB08B /* VewModel */,
				DDE5106C2A09439A004DB08B /* Model */,
				DDE510692A094096004DB08B /* WebService */,
				DDE510392A094062004DB08B /* AppDelegate.swift */,
				DDE5103B2A094062004DB08B /* SceneDelegate.swift */,
				DDE5107C2A096532004DB08B /* Views */,
				DDE5103F2A094062004DB08B /* Main.storyboard */,
				DDE510422A094066004DB08B /* Assets.xcassets */,
				DDE510442A094066004DB08B /* LaunchScreen.storyboard */,
				DDE510472A094066004DB08B /* Info.plist */,
				DDE5107F2A098229004DB08B /* Utils */,
			);
			path = TaskSmartDu;
			sourceTree = "<group>";
		};
		DDE5104F2A094066004DB08B /* TaskSmartDuTests */ = {
			isa = PBXGroup;
			children = (
				DDE510502A094066004DB08B /* TaskSmartDuTests.swift */,
			);
			path = TaskSmartDuTests;
			sourceTree = "<group>";
		};
		DDE510592A094066004DB08B /* TaskSmartDuUITests */ = {
			isa = PBXGroup;
			children = (
				DDE5105A2A094066004DB08B /* TaskSmartDuUITests.swift */,
				DDE5105C2A094066004DB08B /* TaskSmartDuUITestsLaunchTests.swift */,
			);
			path = TaskSmartDuUITests;
			sourceTree = "<group>";
		};
		DDE510692A094096004DB08B /* WebService */ = {
			isa = PBXGroup;
			children = (
				DDE5106A2A0940A5004DB08B /* APIService.swift */,
			);
			path = WebService;
			sourceTree = "<group>";
		};
		DDE5106C2A09439A004DB08B /* Model */ = {
			isa = PBXGroup;
			children = (
				DDE5106D2A0943B8004DB08B /* NYTimesData.swift */,
			);
			path = Model;
			sourceTree = "<group>";
		};
		DDE510712A094828004DB08B /* VewModel */ = {
			isa = PBXGroup;
			children = (
				DDE510722A094837004DB08B /* NYViewModel.swift */,
			);
			path = VewModel;
			sourceTree = "<group>";
		};
		DDE510742A094E33004DB08B /* Cell */ = {
			isa = PBXGroup;
			children = (
				DDE510752A094E55004DB08B /* NYNewsCell.swift */,
				DDE510762A094E55004DB08B /* NYNewsCell.xib */,
			);
			path = Cell;
			sourceTree = "<group>";
		};
		DDE5107C2A096532004DB08B /* Views */ = {
			isa = PBXGroup;
			children = (
				DDE5103D2A094062004DB08B /* ViewController.swift */,
				DDE5107D2A096550004DB08B /* NewsDetailViewController.swift */,
			);
			path = Views;
			sourceTree = "<group>";
		};
		DDE5107F2A098229004DB08B /* Utils */ = {
			isa = PBXGroup;
			children = (
				DDE5106F2A094537004DB08B /* APIKeys.swift */,
				DDE510802A0984E7004DB08B /* Reachability.swift */,
				DDE510822A0986A0004DB08B /* ViewController+extensions.swift */,
			);
			path = Utils;
			sourceTree = "<group>";
		};
/* End PBXGroup section */

/* Begin PBXNativeTarget section */
		DDE510352A094062004DB08B /* TaskSmartDu */ = {
			isa = PBXNativeTarget;
			buildConfigurationList = DDE510602A094066004DB08B /* Build configuration list for PBXNativeTarget "TaskSmartDu" */;
			buildPhases = (
				DDE510322A094062004DB08B /* Sources */,
				DDE510332A094062004DB08B /* Frameworks */,
				DDE510342A094062004DB08B /* Resources */,
			);
			buildRules = (
			);
			dependencies = (
			);
			name = TaskSmartDu;
			packageProductDependencies = (
				DDE5107A2A095F83004DB08B /* SDWebImage */,
			);
			productName = TaskSmartDu;
			productReference = DDE510362A094062004DB08B /* TaskSmartDu.app */;
			productType = "com.apple.product-type.application";
		};
		DDE5104B2A094066004DB08B /* TaskSmartDuTests */ = {
			isa = PBXNativeTarget;
			buildConfigurationList = DDE510632A094066004DB08B /* Build configuration list for PBXNativeTarget "TaskSmartDuTests" */;
			buildPhases = (
				DDE510482A094066004DB08B /* Sources */,
				DDE510492A094066004DB08B /* Frameworks */,
				DDE5104A2A094066004DB08B /* Resources */,
			);
			buildRules = (
			);
			dependencies = (
				DDE5104E2A094066004DB08B /* PBXTargetDependency */,
			);
			name = TaskSmartDuTests;
			productName = TaskSmartDuTests;
			productReference = DDE5104C2A094066004DB08B /* TaskSmartDuTests.xctest */;
			productType = "com.apple.product-type.bundle.unit-test";
		};
		DDE510552A094066004DB08B /* TaskSmartDuUITests */ = {
			isa = PBXNativeTarget;
			buildConfigurationList = DDE510662A094066004DB08B /* Build configuration list for PBXNativeTarget "TaskSmartDuUITests" */;
			buildPhases = (
				DDE510522A094066004DB08B /* Sources */,
				DDE510532A094066004DB08B /* Frameworks */,
				DDE510542A094066004DB08B /* Resources */,
			);
			buildRules = (
			);
			dependencies = (
				DDE510582A094066004DB08B /* PBXTargetDependency */,
			);
			name = TaskSmartDuUITests;
			productName = TaskSmartDuUITests;
			productReference = DDE510562A094066004DB08B /* TaskSmartDuUITests.xctest */;
			productType = "com.apple.product-type.bundle.ui-testing";
		};
/* End PBXNativeTarget section */

/* Begin PBXProject section */
		DDE5102E2A094062004DB08B /* Project object */ = {
			isa = PBXProject;
			attributes = {
				BuildIndependentTargetsInParallel = 1;
				LastSwiftUpdateCheck = 1420;
				LastUpgradeCheck = 1420;
				TargetAttributes = {
					DDE510352A094062004DB08B = {
						CreatedOnToolsVersion = 14.2;
					};
					DDE5104B2A094066004DB08B = {
						CreatedOnToolsVersion = 14.2;
						TestTargetID = DDE510352A094062004DB08B;
					};
					DDE510552A094066004DB08B = {
						CreatedOnToolsVersion = 14.2;
						TestTargetID = DDE510352A094062004DB08B;
					};
				};
			};
			buildConfigurationList = DDE510312A094062004DB08B /* Build configuration list for PBXProject "TaskSmartDu" */;
			compatibilityVersion = "Xcode 14.0";
			developmentRegion = en;
			hasScannedForEncodings = 0;
			knownRegions = (
				en,
				Base,
			);
			mainGroup = DDE5102D2A094062004DB08B;
			packageReferences = (
				DDE510792A095F83004DB08B /* XCRemoteSwiftPackageReference "SDWebImage" */,
			);
			productRefGroup = DDE510372A094062004DB08B /* Products */;
			projectDirPath = "";
			projectRoot = "";
			targets = (
				DDE510352A094062004DB08B /* TaskSmartDu */,
				DDE5104B2A094066004DB08B /* TaskSmartDuTests */,
				DDE510552A094066004DB08B /* TaskSmartDuUITests */,
			);
		};
/* End PBXProject section */

/* Begin PBXResourcesBuildPhase section */
		DDE510342A094062004DB08B /* Resources */ = {
			isa = PBXResourcesBuildPhase;
			buildActionMask = 2147483647;
			files = (
				DDE510462A094066004DB08B /* LaunchScreen.storyboard in Resources */,
				DDE510432A094066004DB08B /* Assets.xcassets in Resources */,
				DDE510412A094062004DB08B /* Main.storyboard in Resources */,
				DDE510782A094E55004DB08B /* NYNewsCell.xib in Resources */,
			);
			runOnlyForDeploymentPostprocessing = 0;
		};
		DDE5104A2A094066004DB08B /* Resources */ = {
			isa = PBXResourcesBuildPhase;
			buildActionMask = 2147483647;
			files = (
			);
			runOnlyForDeploymentPostprocessing = 0;
		};
		DDE510542A094066004DB08B /* Resources */ = {
			isa = PBXResourcesBuildPhase;
			buildActionMask = 2147483647;
			files = (
			);
			runOnlyForDeploymentPostprocessing = 0;
		};
/* End PBXResourcesBuildPhase section */

/* Begin PBXSourcesBuildPhase section */
		DDE510322A094062004DB08B /* Sources */ = {
			isa = PBXSourcesBuildPhase;
			buildActionMask = 2147483647;
			files = (
				DDE5103E2A094062004DB08B /* ViewController.swift in Sources */,
				DDE5103A2A094062004DB08B /* AppDelegate.swift in Sources */,
				DDE5106E2A0943B8004DB08B /* NYTimesData.swift in Sources */,
				DDE5106B2A0940A5004DB08B /* APIService.swift in Sources */,
				DDE510832A0986A0004DB08B /* ViewController+extensions.swift in Sources */,
				DDE5103C2A094062004DB08B /* SceneDelegate.swift in Sources */,
				DDE510732A094837004DB08B /* NYViewModel.swift in Sources */,
				DDE5107E2A096550004DB08B /* NewsDetailViewController.swift in Sources */,
				DDE510702A094537004DB08B /* APIKeys.swift in Sources */,
				DDE510812A0984E7004DB08B /* Reachability.swift in Sources */,
				DDE510772A094E55004DB08B /* NYNewsCell.swift in Sources */,
			);
			runOnlyForDeploymentPostprocessing = 0;
		};
		DDE510482A094066004DB08B /* Sources */ = {
			isa = PBXSourcesBuildPhase;
			buildActionMask = 2147483647;
			files = (
				DDE510512A094066004DB08B /* TaskSmartDuTests.swift in Sources */,
			);
			runOnlyForDeploymentPostprocessing = 0;
		};
		DDE510522A094066004DB08B /* Sources */ = {
			isa = PBXSourcesBuildPhase;
			buildActionMask = 2147483647;
			files = (
				DDE5105D2A094066004DB08B /* TaskSmartDuUITestsLaunchTests.swift in Sources */,
				DDE5105B2A094066004DB08B /* TaskSmartDuUITests.swift in Sources */,
			);
			runOnlyForDeploymentPostprocessing = 0;
		};
/* End PBXSourcesBuildPhase section */

/* Begin PBXTargetDependency section */
		DDE5104E2A094066004DB08B /* PBXTargetDependency */ = {
			isa = PBXTargetDependency;
			target = DDE510352A094062004DB08B /* TaskSmartDu */;
			targetProxy = DDE5104D2A094066004DB08B /* PBXContainerItemProxy */;
		};
		DDE510582A094066004DB08B /* PBXTargetDependency */ = {
			isa = PBXTargetDependency;
			target = DDE510352A094062004DB08B /* TaskSmartDu */;
			targetProxy = DDE510572A094066004DB08B /* PBXContainerItemProxy */;
		};
/* End PBXTargetDependency section */

/* Begin PBXVariantGroup section */
		DDE5103F2A094062004DB08B /* Main.storyboard */ = {
			isa = PBXVariantGroup;
			children = (
				DDE510402A094062004DB08B /* Base */,
			);
			name = Main.storyboard;
			sourceTree = "<group>";
		};
		DDE510442A094066004DB08B /* LaunchScreen.storyboard */ = {
			isa = PBXVariantGroup;
			children = (
				DDE510452A094066004DB08B /* Base */,
			);
			name = LaunchScreen.storyboard;
			sourceTree = "<group>";
		};
/* End PBXVariantGroup section */

/* Begin XCBuildConfiguration section */
		DDE5105E2A094066004DB08B /* Debug */ = {
			isa = XCBuildConfiguration;
			buildSettings = {
				ALWAYS_SEARCH_USER_PATHS = NO;
				CLANG_ANALYZER_NONNULL = YES;
				CLANG_ANALYZER_NUMBER_OBJECT_CONVERSION = YES_AGGRESSIVE;
				CLANG_CXX_LANGUAGE_STANDARD = "gnu++20";
				CLANG_ENABLE_MODULES = YES;
				CLANG_ENABLE_OBJC_ARC = YES;
				CLANG_ENABLE_OBJC_WEAK = YES;
				CLANG_WARN_BLOCK_CAPTURE_AUTORELEASING = YES;
				CLANG_WARN_BOOL_CONVERSION = YES;
				CLANG_WARN_COMMA = YES;
				CLANG_WARN_CONSTANT_CONVERSION = YES;
				CLANG_WARN_DEPRECATED_OBJC_IMPLEMENTATIONS = YES;
				CLANG_WARN_DIRECT_OBJC_ISA_USAGE = YES_ERROR;
				CLANG_WARN_DOCUMENTATION_COMMENTS = YES;
				CLANG_WARN_EMPTY_BODY = YES;
				CLANG_WARN_ENUM_CONVERSION = YES;
				CLANG_WARN_INFINITE_RECURSION = YES;
				CLANG_WARN_INT_CONVERSION = YES;
				CLANG_WARN_NON_LITERAL_NULL_CONVERSION = YES;
				CLANG_WARN_OBJC_IMPLICIT_RETAIN_SELF = YES;
				CLANG_WARN_OBJC_LITERAL_CONVERSION = YES;
				CLANG_WARN_OBJC_ROOT_CLASS = YES_ERROR;
				CLANG_WARN_QUOTED_INCLUDE_IN_FRAMEWORK_HEADER = YES;
				CLANG_WARN_RANGE_LOOP_ANALYSIS = YES;
				CLANG_WARN_STRICT_PROTOTYPES = YES;
				CLANG_WARN_SUSPICIOUS_MOVE = YES;
				CLANG_WARN_UNGUARDED_AVAILABILITY = YES_AGGRESSIVE;
				CLANG_WARN_UNREACHABLE_CODE = YES;
				CLANG_WARN__DUPLICATE_METHOD_MATCH = YES;
				COPY_PHASE_STRIP = NO;
				DEBUG_INFORMATION_FORMAT = dwarf;
				ENABLE_STRICT_OBJC_MSGSEND = YES;
				ENABLE_TESTABILITY = YES;
				GCC_C_LANGUAGE_STANDARD = gnu11;
				GCC_DYNAMIC_NO_PIC = NO;
				GCC_NO_COMMON_BLOCKS = YES;
				GCC_OPTIMIZATION_LEVEL = 0;
				GCC_PREPROCESSOR_DEFINITIONS = (
					"DEBUG=1",
					"$(inherited)",
				);
				GCC_WARN_64_TO_32_BIT_CONVERSION = YES;
				GCC_WARN_ABOUT_RETURN_TYPE = YES_ERROR;
				GCC_WARN_UNDECLARED_SELECTOR = YES;
				GCC_WARN_UNINITIALIZED_AUTOS = YES_AGGRESSIVE;
				GCC_WARN_UNUSED_FUNCTION = YES;
				GCC_WARN_UNUSED_VARIABLE = YES;
				IPHONEOS_DEPLOYMENT_TARGET = 16.2;
				MTL_ENABLE_DEBUG_INFO = INCLUDE_SOURCE;
				MTL_FAST_MATH = YES;
				ONLY_ACTIVE_ARCH = YES;
				SDKROOT = iphoneos;
				SWIFT_ACTIVE_COMPILATION_CONDITIONS = DEBUG;
				SWIFT_OPTIMIZATION_LEVEL = "-Onone";
			};
			name = Debug;
		};
		DDE5105F2A094066004DB08B /* Release */ = {
			isa = XCBuildConfiguration;
			buildSettings = {
				ALWAYS_SEARCH_USER_PATHS = NO;
				CLANG_ANALYZER_NONNULL = YES;
				CLANG_ANALYZER_NUMBER_OBJECT_CONVERSION = YES_AGGRESSIVE;
				CLANG_CXX_LANGUAGE_STANDARD = "gnu++20";
				CLANG_ENABLE_MODULES = YES;
				CLANG_ENABLE_OBJC_ARC = YES;
				CLANG_ENABLE_OBJC_WEAK = YES;
				CLANG_WARN_BLOCK_CAPTURE_AUTORELEASING = YES;
				CLANG_WARN_BOOL_CONVERSION = YES;
				CLANG_WARN_COMMA = YES;
				CLANG_WARN_CONSTANT_CONVERSION = YES;
				CLANG_WARN_DEPRECATED_OBJC_IMPLEMENTATIONS = YES;
				CLANG_WARN_DIRECT_OBJC_ISA_USAGE = YES_ERROR;
				CLANG_WARN_DOCUMENTATION_COMMENTS = YES;
				CLANG_WARN_EMPTY_BODY = YES;
				CLANG_WARN_ENUM_CONVERSION = YES;
				CLANG_WARN_INFINITE_RECURSION = YES;
				CLANG_WARN_INT_CONVERSION = YES;
				CLANG_WARN_NON_LITERAL_NULL_CONVERSION = YES;
				CLANG_WARN_OBJC_IMPLICIT_RETAIN_SELF = YES;
				CLANG_WARN_OBJC_LITERAL_CONVERSION = YES;
				CLANG_WARN_OBJC_ROOT_CLASS = YES_ERROR;
				CLANG_WARN_QUOTED_INCLUDE_IN_FRAMEWORK_HEADER = YES;
				CLANG_WARN_RANGE_LOOP_ANALYSIS = YES;
				CLANG_WARN_STRICT_PROTOTYPES = YES;
				CLANG_WARN_SUSPICIOUS_MOVE = YES;
				CLANG_WARN_UNGUARDED_AVAILABILITY = YES_AGGRESSIVE;
				CLANG_WARN_UNREACHABLE_CODE = YES;
				CLANG_WARN__DUPLICATE_METHOD_MATCH = YES;
				COPY_PHASE_STRIP = NO;
				DEBUG_INFORMATION_FORMAT = "dwarf-with-dsym";
				ENABLE_NS_ASSERTIONS = NO;
				ENABLE_STRICT_OBJC_MSGSEND = YES;
				GCC_C_LANGUAGE_STANDARD = gnu11;
				GCC_NO_COMMON_BLOCKS = YES;
				GCC_WARN_64_TO_32_BIT_CONVERSION = YES;
				GCC_WARN_ABOUT_RETURN_TYPE = YES_ERROR;
				GCC_WARN_UNDECLARED_SELECTOR = YES;
				GCC_WARN_UNINITIALIZED_AUTOS = YES_AGGRESSIVE;
				GCC_WARN_UNUSED_FUNCTION = YES;
				GCC_WARN_UNUSED_VARIABLE = YES;
				IPHONEOS_DEPLOYMENT_TARGET = 16.2;
				MTL_ENABLE_DEBUG_INFO = NO;
				MTL_FAST_MATH = YES;
				SDKROOT = iphoneos;
				SWIFT_COMPILATION_MODE = wholemodule;
				SWIFT_OPTIMIZATION_LEVEL = "-O";
				VALIDATE_PRODUCT = YES;
			};
			name = Release;
		};
		DDE510612A094066004DB08B /* Debug */ = {
			isa = XCBuildConfiguration;
			buildSettings = {
				ASSETCATALOG_COMPILER_APPICON_NAME = AppIcon;
				ASSETCATALOG_COMPILER_GLOBAL_ACCENT_COLOR_NAME = AccentColor;
				CODE_SIGN_STYLE = Automatic;
				CURRENT_PROJECT_VERSION = 1;
				DEVELOPMENT_TEAM = 23VHWCF3L4;
				GENERATE_INFOPLIST_FILE = YES;
				INFOPLIST_FILE = TaskSmartDu/Info.plist;
				INFOPLIST_KEY_CFBundleDisplayName = "Task-Satham";
				INFOPLIST_KEY_UIApplicationSupportsIndirectInputEvents = YES;
				INFOPLIST_KEY_UILaunchStoryboardName = LaunchScreen;
				INFOPLIST_KEY_UIMainStoryboardFile = Main;
				INFOPLIST_KEY_UISupportedInterfaceOrientations_iPad = "UIInterfaceOrientationPortrait UIInterfaceOrientationPortraitUpsideDown UIInterfaceOrientationLandscapeLeft UIInterfaceOrientationLandscapeRight";
				INFOPLIST_KEY_UISupportedInterfaceOrientations_iPhone = "UIInterfaceOrientationPortrait UIInterfaceOrientationLandscapeLeft UIInterfaceOrientationLandscapeRight";
				IPHONEOS_DEPLOYMENT_TARGET = 13.0;
				LD_RUNPATH_SEARCH_PATHS = (
					"$(inherited)",
					"@executable_path/Frameworks",
				);
				MARKETING_VERSION = 1.0;
				PRODUCT_BUNDLE_IDENTIFIER = com.task.tasksmart.TaskSmartDu;
				PRODUCT_NAME = "$(TARGET_NAME)";
				SWIFT_EMIT_LOC_STRINGS = YES;
				SWIFT_VERSION = 5.0;
				TARGETED_DEVICE_FAMILY = "1,2";
			};
			name = Debug;
		};
		DDE510622A094066004DB08B /* Release */ = {
			isa = XCBuildConfiguration;
			buildSettings = {
				ASSETCATALOG_COMPILER_APPICON_NAME = AppIcon;
				ASSETCATALOG_COMPILER_GLOBAL_ACCENT_COLOR_NAME = AccentColor;
				CODE_SIGN_STYLE = Automatic;
				CURRENT_PROJECT_VERSION = 1;
				DEVELOPMENT_TEAM = 23VHWCF3L4;
				GENERATE_INFOPLIST_FILE = YES;
				INFOPLIST_FILE = TaskSmartDu/Info.plist;
				INFOPLIST_KEY_CFBundleDisplayName = "Task-Satham";
				INFOPLIST_KEY_UIApplicationSupportsIndirectInputEvents = YES;
				INFOPLIST_KEY_UILaunchStoryboardName = LaunchScreen;
				INFOPLIST_KEY_UIMainStoryboardFile = Main;
				INFOPLIST_KEY_UISupportedInterfaceOrientations_iPad = "UIInterfaceOrientationPortrait UIInterfaceOrientationPortraitUpsideDown UIInterfaceOrientationLandscapeLeft UIInterfaceOrientationLandscapeRight";
				INFOPLIST_KEY_UISupportedInterfaceOrientations_iPhone = "UIInterfaceOrientationPortrait UIInterfaceOrientationLandscapeLeft UIInterfaceOrientationLandscapeRight";
				IPHONEOS_DEPLOYMENT_TARGET = 13.0;
				LD_RUNPATH_SEARCH_PATHS = (
					"$(inherited)",
					"@executable_path/Frameworks",
				);
				MARKETING_VERSION = 1.0;
				PRODUCT_BUNDLE_IDENTIFIER = com.task.tasksmart.TaskSmartDu;
				PRODUCT_NAME = "$(TARGET_NAME)";
				SWIFT_EMIT_LOC_STRINGS = YES;
				SWIFT_VERSION = 5.0;
				TARGETED_DEVICE_FAMILY = "1,2";
			};
			name = Release;
		};
		DDE510642A094066004DB08B /* Debug */ = {
			isa = XCBuildConfiguration;
			buildSettings = {
				ALWAYS_EMBED_SWIFT_STANDARD_LIBRARIES = YES;
				BUNDLE_LOADER = "$(TEST_HOST)";
				CODE_SIGN_STYLE = Automatic;
				CURRENT_PROJECT_VERSION = 1;
				DEVELOPMENT_TEAM = 23VHWCF3L4;
				GENERATE_INFOPLIST_FILE = YES;
				IPHONEOS_DEPLOYMENT_TARGET = 16.2;
				MARKETING_VERSION = 1.0;
				PRODUCT_BUNDLE_IDENTIFIER = com.task.tasksmart.TaskSmartDuTests;
				PRODUCT_NAME = "$(TARGET_NAME)";
				SWIFT_EMIT_LOC_STRINGS = NO;
				SWIFT_VERSION = 5.0;
				TARGETED_DEVICE_FAMILY = "1,2";
				TEST_HOST = "$(BUILT_PRODUCTS_DIR)/TaskSmartDu.app/$(BUNDLE_EXECUTABLE_FOLDER_PATH)/TaskSmartDu";
			};
			name = Debug;
		};
		DDE510652A094066004DB08B /* Release */ = {
			isa = XCBuildConfiguration;
			buildSettings = {
				ALWAYS_EMBED_SWIFT_STANDARD_LIBRARIES = YES;
				BUNDLE_LOADER = "$(TEST_HOST)";
				CODE_SIGN_STYLE = Automatic;
				CURRENT_PROJECT_VERSION = 1;
				DEVELOPMENT_TEAM = 23VHWCF3L4;
				GENERATE_INFOPLIST_FILE = YES;
				IPHONEOS_DEPLOYMENT_TARGET = 16.2;
				MARKETING_VERSION = 1.0;
				PRODUCT_BUNDLE_IDENTIFIER = com.task.tasksmart.TaskSmartDuTests;
				PRODUCT_NAME = "$(TARGET_NAME)";
				SWIFT_EMIT_LOC_STRINGS = NO;
				SWIFT_VERSION = 5.0;
				TARGETED_DEVICE_FAMILY = "1,2";
				TEST_HOST = "$(BUILT_PRODUCTS_DIR)/TaskSmartDu.app/$(BUNDLE_EXECUTABLE_FOLDER_PATH)/TaskSmartDu";
			};
			name = Release;
		};
		DDE510672A094066004DB08B /* Debug */ = {
			isa = XCBuildConfiguration;
			buildSettings = {
				ALWAYS_EMBED_SWIFT_STANDARD_LIBRARIES = YES;
				CODE_SIGN_STYLE = Automatic;
				CURRENT_PROJECT_VERSION = 1;
				DEVELOPMENT_TEAM = 23VHWCF3L4;
				GENERATE_INFOPLIST_FILE = YES;
				MARKETING_VERSION = 1.0;
				PRODUCT_BUNDLE_IDENTIFIER = com.task.tasksmart.TaskSmartDuUITests;
				PRODUCT_NAME = "$(TARGET_NAME)";
				SWIFT_EMIT_LOC_STRINGS = NO;
				SWIFT_VERSION = 5.0;
				TARGETED_DEVICE_FAMILY = "1,2";
				TEST_TARGET_NAME = TaskSmartDu;
			};
			name = Debug;
		};
		DDE510682A094066004DB08B /* Release */ = {
			isa = XCBuildConfiguration;
			buildSettings = {
				ALWAYS_EMBED_SWIFT_STANDARD_LIBRARIES = YES;
				CODE_SIGN_STYLE = Automatic;
				CURRENT_PROJECT_VERSION = 1;
				DEVELOPMENT_TEAM = 23VHWCF3L4;
				GENERATE_INFOPLIST_FILE = YES;
				MARKETING_VERSION = 1.0;
				PRODUCT_BUNDLE_IDENTIFIER = com.task.tasksmart.TaskSmartDuUITests;
				PRODUCT_NAME = "$(TARGET_NAME)";
				SWIFT_EMIT_LOC_STRINGS = NO;
				SWIFT_VERSION = 5.0;
				TARGETED_DEVICE_FAMILY = "1,2";
				TEST_TARGET_NAME = TaskSmartDu;
			};
			name = Release;
		};
/* End XCBuildConfiguration section */

/* Begin XCConfigurationList section */
		DDE510312A094062004DB08B /* Build configuration list for PBXProject "TaskSmartDu" */ = {
			isa = XCConfigurationList;
			buildConfigurations = (
				DDE5105E2A094066004DB08B /* Debug */,
				DDE5105F2A094066004DB08B /* Release */,
			);
			defaultConfigurationIsVisible = 0;
			defaultConfigurationName = Release;
		};
		DDE510602A094066004DB08B /* Build configuration list for PBXNativeTarget "TaskSmartDu" */ = {
			isa = XCConfigurationList;
			buildConfigurations = (
				DDE510612A094066004DB08B /* Debug */,
				DDE510622A094066004DB08B /* Release */,
			);
			defaultConfigurationIsVisible = 0;
			defaultConfigurationName = Release;
		};
		DDE510632A094066004DB08B /* Build configuration list for PBXNativeTarget "TaskSmartDuTests" */ = {
			isa = XCConfigurationList;
			buildConfigurations = (
				DDE510642A094066004DB08B /* Debug */,
				DDE510652A094066004DB08B /* Release */,
			);
			defaultConfigurationIsVisible = 0;
			defaultConfigurationName = Release;
		};
		DDE510662A094066004DB08B /* Build configuration list for PBXNativeTarget "TaskSmartDuUITests" */ = {
			isa = XCConfigurationList;
			buildConfigurations = (
				DDE510672A094066004DB08B /* Debug */,
				DDE510682A094066004DB08B /* Release */,
			);
			defaultConfigurationIsVisible = 0;
			defaultConfigurationName = Release;
		};
/* End XCConfigurationList section */

/* Begin XCRemoteSwiftPackageReference section */
		DDE510792A095F83004DB08B /* XCRemoteSwiftPackageReference "SDWebImage" */ = {
			isa = XCRemoteSwiftPackageReference;
			repositoryURL = "https://github.com/SDWebImage/SDWebImage.git";
			requirement = {
				kind = upToNextMajorVersion;
				minimumVersion = 5.0.0;
			};
		};
/* End XCRemoteSwiftPackageReference section */

/* Begin XCSwiftPackageProductDependency section */
		DDE5107A2A095F83004DB08B /* SDWebImage */ = {
			isa = XCSwiftPackageProductDependency;
			package = DDE510792A095F83004DB08B /* XCRemoteSwiftPackageReference "SDWebImage" */;
			productName = SDWebImage;
		};
/* End XCSwiftPackageProductDependency section */
	};
	rootObject = DDE5102E2A094062004DB08B /* Project object */;
}
